// !$*UTF8*$!
{
	archiveVersion = 1;
	classes = {
	};
	objectVersion = 46;
	objects = {

/* Begin PBXAggregateTarget section */
		79BB208B5CF8410792911069 /* ALL_BUILD */ = {
			isa = PBXAggregateTarget;
			buildConfigurationList = 907558DB1A3F4254A3EBD14B /* Build configuration list for PBXAggregateTarget "ALL_BUILD" */;
			buildPhases = (
				31CD46C3C98A4DA9A625E678 /* CMake Rules */,
			);
			dependencies = (
				B869A8009FCA4877BF3CC817 /* PBXTargetDependency */,
				88CEF81966F346B9846603A7 /* PBXTargetDependency */,
			);
			name = ALL_BUILD;
			productName = ALL_BUILD;
		};
		B517B78F650C4668BAA67B6C /* ZERO_CHECK */ = {
			isa = PBXAggregateTarget;
			buildConfigurationList = E7410F71A1414319AC6B2787 /* Build configuration list for PBXAggregateTarget "ZERO_CHECK" */;
			buildPhases = (
				27D297CBDE744DD6AFDC7C1A /* CMake Rules */,
			);
			dependencies = (
			);
			name = ZERO_CHECK;
			productName = ZERO_CHECK;
		};
/* End PBXAggregateTarget section */

/* Begin PBXBuildFile section */
		5AAE5B0C340742D6B781D338 /* main.cpp in Sources */ = {isa = PBXBuildFile; fileRef = 4AA8C2F932E641ABB0D79583 /* main.cpp */; };
		8E44ACB0E4284F0F9EEB9CD3 /* ukf.cpp in Sources */ = {isa = PBXBuildFile; fileRef = 9F7FA6D81BF74AD18DD2C2F2 /* ukf.cpp */; };
		A964834423E44FD7A87654A0 /* tools.cpp in Sources */ = {isa = PBXBuildFile; fileRef = BD1608E7F228489381032064 /* tools.cpp */; };
/* End PBXBuildFile section */

/* Begin PBXContainerItemProxy section */
		08FE39711BFB40F99DE64C61 /* PBXContainerItemProxy */ = {
			isa = PBXContainerItemProxy;
			containerPortal = 8B2CC72AB7164B4EAB9E7417 /* Project object */;
			proxyType = 1;
			remoteGlobalIDString = B517B78F650C4668BAA67B6C;
			remoteInfo = ZERO_CHECK;
		};
		4D39A72E9A864922BB8D7A1A /* PBXContainerItemProxy */ = {
			isa = PBXContainerItemProxy;
			containerPortal = 8B2CC72AB7164B4EAB9E7417 /* Project object */;
			proxyType = 1;
			remoteGlobalIDString = 80BF73488F38473798FE833F;
			remoteInfo = UnscentedKF;
		};
		5EAE300A63144C519E27A6FD /* PBXContainerItemProxy */ = {
			isa = PBXContainerItemProxy;
			containerPortal = 8B2CC72AB7164B4EAB9E7417 /* Project object */;
			proxyType = 1;
			remoteGlobalIDString = B517B78F650C4668BAA67B6C;
			remoteInfo = ZERO_CHECK;
		};
/* End PBXContainerItemProxy section */

/* Begin PBXFileReference section */
		4AA8C2F932E641ABB0D79583 /* main.cpp */ = {isa = PBXFileReference; explicitFileType = sourcecode.cpp.cpp; fileEncoding = 4; name = main.cpp; path = src/main.cpp; sourceTree = SOURCE_ROOT; };
		9E18D6FF992A4CFEB032B459 /* CMakeLists.txt */ = {isa = PBXFileReference; explicitFileType = sourcecode.text; fileEncoding = 4; lastKnownFileType = text; path = CMakeLists.txt; sourceTree = SOURCE_ROOT; };
		9F7FA6D81BF74AD18DD2C2F2 /* ukf.cpp */ = {isa = PBXFileReference; explicitFileType = sourcecode.cpp.cpp; fileEncoding = 4; indentWidth = 2; name = ukf.cpp; path = src/ukf.cpp; sourceTree = SOURCE_ROOT; tabWidth = 2; };
		ACECAC504E4F45F2ACE20183 /* CMakeLists.txt */ = {isa = PBXFileReference; explicitFileType = sourcecode.text; fileEncoding = 4; lastKnownFileType = text; path = CMakeLists.txt; sourceTree = SOURCE_ROOT; };
		BD1608E7F228489381032064 /* tools.cpp */ = {isa = PBXFileReference; explicitFileType = sourcecode.cpp.cpp; fileEncoding = 4; name = tools.cpp; path = src/tools.cpp; sourceTree = SOURCE_ROOT; };
		BF1B9D041F2916D200C3C1A5 /* tools.h */ = {isa = PBXFileReference; fileEncoding = 4; lastKnownFileType = sourcecode.c.h; name = tools.h; path = src/tools.h; sourceTree = "<group>"; };
		BF1B9D051F2916D200C3C1A5 /* ukf.h */ = {isa = PBXFileReference; fileEncoding = 4; lastKnownFileType = sourcecode.c.h; name = ukf.h; path = src/ukf.h; sourceTree = "<group>"; };
		C625BC9CDA0F402382940A96 /* CMakeLists.txt */ = {isa = PBXFileReference; explicitFileType = sourcecode.text; fileEncoding = 4; lastKnownFileType = text; path = CMakeLists.txt; sourceTree = SOURCE_ROOT; };
		DF28460BB9F9484EA732F8A2 /* UnscentedKF */ = {isa = PBXFileReference; explicitFileType = "compiled.mach-o.executable"; path = UnscentedKF; sourceTree = BUILT_PRODUCTS_DIR; };
/* End PBXFileReference section */

/* Begin PBXGroup section */
		24CCB1F219CE40079A4E0E44 /* UnscentedKF */ = {
			isa = PBXGroup;
			children = (
				BF1B9D061F2918EF00C3C1A5 /* Header Files */,
				32A70937AB42407195CA4D3C /* Source Files */,
				C625BC9CDA0F402382940A96 /* CMakeLists.txt */,
			);
			name = UnscentedKF;
			sourceTree = "<group>";
		};
		32A70937AB42407195CA4D3C /* Source Files */ = {
			isa = PBXGroup;
			children = (
				4AA8C2F932E641ABB0D79583 /* main.cpp */,
				BD1608E7F228489381032064 /* tools.cpp */,
				9F7FA6D81BF74AD18DD2C2F2 /* ukf.cpp */,
			);
			name = "Source Files";
			sourceTree = "<group>";
		};
		3606D76F2AC649A4A8ACDF9A /* CMake Rules */ = {
			isa = PBXGroup;
			children = (
			);
			name = "CMake Rules";
			sourceTree = "<group>";
		};
		40C2D5C83E4D4EC5A48BD0E3 /* ZERO_CHECK */ = {
			isa = PBXGroup;
			children = (
				3606D76F2AC649A4A8ACDF9A /* CMake Rules */,
				9E18D6FF992A4CFEB032B459 /* CMakeLists.txt */,
			);
			name = ZERO_CHECK;
			sourceTree = "<group>";
		};
		41B54E9D2B8C4E63911797BC = {
			isa = PBXGroup;
			children = (
				4A051E797E3F4FD69C1FEB81 /* Sources */,
				49457EDDD0A44ACDB0451EEA /* Resources */,
				602B115A88294421986F1130 /* Products */,
			);
			sourceTree = "<group>";
		};
		49457EDDD0A44ACDB0451EEA /* Resources */ = {
			isa = PBXGroup;
			children = (
			);
			name = Resources;
			sourceTree = "<group>";
		};
		4A051E797E3F4FD69C1FEB81 /* Sources */ = {
			isa = PBXGroup;
			children = (
				24CCB1F219CE40079A4E0E44 /* UnscentedKF */,
				BFAC194FE12C464AAE358D20 /* ALL_BUILD */,
				40C2D5C83E4D4EC5A48BD0E3 /* ZERO_CHECK */,
			);
			name = Sources;
			sourceTree = "<group>";
		};
		602B115A88294421986F1130 /* Products */ = {
			isa = PBXGroup;
			children = (
				DF28460BB9F9484EA732F8A2 /* UnscentedKF */,
			);
			name = Products;
			sourceTree = "<group>";
		};
		BF1B9D061F2918EF00C3C1A5 /* Header Files */ = {
			isa = PBXGroup;
			children = (
				BF1B9D041F2916D200C3C1A5 /* tools.h */,
				BF1B9D051F2916D200C3C1A5 /* ukf.h */,
			);
			name = "Header Files";
			sourceTree = "<group>";
		};
		BFAC194FE12C464AAE358D20 /* ALL_BUILD */ = {
			isa = PBXGroup;
			children = (
				F351772DFD874293AC9C09AB /* CMake Rules */,
				ACECAC504E4F45F2ACE20183 /* CMakeLists.txt */,
			);
			name = ALL_BUILD;
			sourceTree = "<group>";
		};
		F351772DFD874293AC9C09AB /* CMake Rules */ = {
			isa = PBXGroup;
			children = (
			);
			name = "CMake Rules";
			sourceTree = "<group>";
		};
/* End PBXGroup section */

/* Begin PBXNativeTarget section */
		80BF73488F38473798FE833F /* UnscentedKF */ = {
			isa = PBXNativeTarget;
			buildConfigurationList = F1370F6726F7457AA214EA32 /* Build configuration list for PBXNativeTarget "UnscentedKF" */;
			buildPhases = (
				0AB3FFFC51864EF78A618191 /* Sources */,
			);
			buildRules = (
			);
			dependencies = (
				A934E024063A4DFBB80AFF15 /* PBXTargetDependency */,
			);
			name = UnscentedKF;
			productName = UnscentedKF;
			productReference = DF28460BB9F9484EA732F8A2 /* UnscentedKF */;
			productType = "com.apple.product-type.tool";
		};
/* End PBXNativeTarget section */

/* Begin PBXProject section */
		8B2CC72AB7164B4EAB9E7417 /* Project object */ = {
			isa = PBXProject;
			attributes = {
				BuildIndependentTargetsInParallel = YES;
				LastUpgradeCheck = 0900;
			};
			buildConfigurationList = 65B8EB398E624F90919CFA4A /* Build configuration list for PBXProject "UnscentedKF" */;
			compatibilityVersion = "Xcode 3.2";
			developmentRegion = English;
			hasScannedForEncodings = 0;
			knownRegions = (
				en,
			);
			mainGroup = 41B54E9D2B8C4E63911797BC;
			projectDirPath = ../../;
			projectRoot = "";
			targets = (
				79BB208B5CF8410792911069 /* ALL_BUILD */,
				80BF73488F38473798FE833F /* UnscentedKF */,
				B517B78F650C4668BAA67B6C /* ZERO_CHECK */,
			);
		};
/* End PBXProject section */

/* Begin PBXShellScriptBuildPhase section */
		27D297CBDE744DD6AFDC7C1A /* CMake Rules */ = {
			isa = PBXShellScriptBuildPhase;
			buildActionMask = 2147483647;
			files = (
			);
			name = "CMake Rules";
			runOnlyForDeploymentPostprocessing = 0;
			shellPath = /bin/sh;
			shellScript = "make -C /Users/mkoehnke/Developer/Udacity/Projects/CarND-Unscented-Kalman-Filter-Project/ide_profiles/Xcode -f /Users/mkoehnke/Developer/Udacity/Projects/CarND-Unscented-Kalman-Filter-Project/ide_profiles/Xcode/CMakeScripts/ZERO_CHECK_cmakeRulesBuildPhase.make$CONFIGURATION all";
			showEnvVarsInLog = 0;
		};
		31CD46C3C98A4DA9A625E678 /* CMake Rules */ = {
			isa = PBXShellScriptBuildPhase;
			buildActionMask = 2147483647;
			files = (
			);
			name = "CMake Rules";
			runOnlyForDeploymentPostprocessing = 0;
			shellPath = /bin/sh;
			shellScript = "make -C /Users/mkoehnke/Developer/Udacity/Projects/CarND-Unscented-Kalman-Filter-Project/ide_profiles/Xcode -f /Users/mkoehnke/Developer/Udacity/Projects/CarND-Unscented-Kalman-Filter-Project/ide_profiles/Xcode/CMakeScripts/ALL_BUILD_cmakeRulesBuildPhase.make$CONFIGURATION all";
			showEnvVarsInLog = 0;
		};
/* End PBXShellScriptBuildPhase section */

/* Begin PBXSourcesBuildPhase section */
		0AB3FFFC51864EF78A618191 /* Sources */ = {
			isa = PBXSourcesBuildPhase;
			buildActionMask = 2147483647;
			files = (
				5AAE5B0C340742D6B781D338 /* main.cpp in Sources */,
				A964834423E44FD7A87654A0 /* tools.cpp in Sources */,
				8E44ACB0E4284F0F9EEB9CD3 /* ukf.cpp in Sources */,
			);
			runOnlyForDeploymentPostprocessing = 0;
		};
/* End PBXSourcesBuildPhase section */

/* Begin PBXTargetDependency section */
		88CEF81966F346B9846603A7 /* PBXTargetDependency */ = {
			isa = PBXTargetDependency;
			target = B517B78F650C4668BAA67B6C /* ZERO_CHECK */;
			targetProxy = 5EAE300A63144C519E27A6FD /* PBXContainerItemProxy */;
		};
		A934E024063A4DFBB80AFF15 /* PBXTargetDependency */ = {
			isa = PBXTargetDependency;
			target = B517B78F650C4668BAA67B6C /* ZERO_CHECK */;
			targetProxy = 08FE39711BFB40F99DE64C61 /* PBXContainerItemProxy */;
		};
		B869A8009FCA4877BF3CC817 /* PBXTargetDependency */ = {
			isa = PBXTargetDependency;
			target = 80BF73488F38473798FE833F /* UnscentedKF */;
			targetProxy = 4D39A72E9A864922BB8D7A1A /* PBXContainerItemProxy */;
		};
/* End PBXTargetDependency section */

/* Begin XCBuildConfiguration section */
		048C9FDDCB6240C584CD7EE8 /* RelWithDebInfo */ = {
			isa = XCBuildConfiguration;
			buildSettings = {
				COMBINE_HIDPI_IMAGES = YES;
				GCC_GENERATE_DEBUGGING_SYMBOLS = YES;
				GCC_INLINES_ARE_PRIVATE_EXTERN = NO;
				GCC_OPTIMIZATION_LEVEL = 0;
				GCC_PREPROCESSOR_DEFINITIONS = "'CMAKE_INTDIR=\"$(CONFIGURATION)$(EFFECTIVE_PLATFORM_NAME)\"'";
				GCC_SYMBOLS_PRIVATE_EXTERN = NO;
				HEADER_SEARCH_PATHS = (
					/usr/local/include,
					/usr/local/opt/openssl/include,
				);
				INSTALL_PATH = "";
				OTHER_LDFLAGS = " ";
				OTHER_REZFLAGS = "";
				PRODUCT_NAME = ALL_BUILD;
				SECTORDER_FLAGS = "";
				SYMROOT = "/Users/mkoehnke/Developer/Udacity/Projects/CarND-Unscented-Kalman-Filter-Project/ide_profiles/Xcode";
				USE_HEADERMAP = NO;
				WARNING_CFLAGS = (
					"-Wmost",
					"-Wno-four-char-constants",
					"-Wno-unknown-pragmas",
					"$(inherited)",
				);
			};
			name = RelWithDebInfo;
		};
		1F201621A2B94569BD4EE368 /* Release */ = {
			isa = XCBuildConfiguration;
			buildSettings = {
				COMBINE_HIDPI_IMAGES = YES;
				GCC_GENERATE_DEBUGGING_SYMBOLS = YES;
				GCC_INLINES_ARE_PRIVATE_EXTERN = NO;
				GCC_OPTIMIZATION_LEVEL = 0;
				GCC_PREPROCESSOR_DEFINITIONS = "'CMAKE_INTDIR=\"$(CONFIGURATION)$(EFFECTIVE_PLATFORM_NAME)\"'";
				GCC_SYMBOLS_PRIVATE_EXTERN = NO;
				HEADER_SEARCH_PATHS = (
					/usr/local/include,
					/usr/local/opt/openssl/include,
				);
				INSTALL_PATH = "";
				OTHER_LDFLAGS = " ";
				OTHER_REZFLAGS = "";
				PRODUCT_NAME = ZERO_CHECK;
				SECTORDER_FLAGS = "";
				SYMROOT = "/Users/mkoehnke/Developer/Udacity/Projects/CarND-Unscented-Kalman-Filter-Project/ide_profiles/Xcode";
				USE_HEADERMAP = NO;
				WARNING_CFLAGS = (
					"-Wmost",
					"-Wno-four-char-constants",
					"-Wno-unknown-pragmas",
					"$(inherited)",
				);
			};
			name = Release;
		};
		1F63635EA55D4A0FAF7F2F0E /* Debug */ = {
			isa = XCBuildConfiguration;
			buildSettings = {
				COMBINE_HIDPI_IMAGES = YES;
				EXECUTABLE_PREFIX = "";
				EXECUTABLE_SUFFIX = "";
				GCC_GENERATE_DEBUGGING_SYMBOLS = YES;
				GCC_INLINES_ARE_PRIVATE_EXTERN = NO;
				GCC_OPTIMIZATION_LEVEL = 0;
				GCC_PREPROCESSOR_DEFINITIONS = "'CMAKE_INTDIR=\"$(CONFIGURATION)$(EFFECTIVE_PLATFORM_NAME)\"'";
				GCC_SYMBOLS_PRIVATE_EXTERN = NO;
				HEADER_SEARCH_PATHS = (
					/usr/local/include,
					/usr/local/opt/openssl/include,
				);
				INSTALL_PATH = "";
				LD_RUNPATH_SEARCH_PATHS = "/usr/local/lib /usr/local/opt/openssl/lib /usr/local/Cellar/libuv/1.11.0/lib";
				LIBRARY_SEARCH_PATHS = (
					"/usr/local/lib/$(CONFIGURATION)$(EFFECTIVE_PLATFORM_NAME)",
					/usr/local/lib,
					"/usr/local/opt/openssl/lib/$(CONFIGURATION)$(EFFECTIVE_PLATFORM_NAME)",
					/usr/local/opt/openssl/lib,
					"/usr/local/Cellar/libuv/1.11.0/lib/$(CONFIGURATION)$(EFFECTIVE_PLATFORM_NAME)",
					/usr/local/Cellar/libuv/1.11.0/lib,
				);
				OTHER_CPLUSPLUSFLAGS = (
					"-I/usr/local/include",
					"-I/usr/local/opt/openssl/include",
					"-std=c++11",
				);
				OTHER_LDFLAGS = (
					"-Wl,-search_paths_first",
					"-Wl,-headerpad_max_install_names",
					"-lz",
					"-lssl",
					"-luv",
					"-luWS",
				);
				OTHER_REZFLAGS = "";
				PRODUCT_NAME = UnscentedKF;
				SECTORDER_FLAGS = "";
				SYMROOT = "/Users/mkoehnke/Developer/Udacity/Projects/CarND-Unscented-Kalman-Filter-Project/ide_profiles/Xcode";
				USE_HEADERMAP = NO;
				WARNING_CFLAGS = (
					"-Wmost",
					"-Wno-four-char-constants",
					"-Wno-unknown-pragmas",
					"$(inherited)",
				);
			};
			name = Debug;
		};
		22D637755AC24DD7A5B4CC80 /* RelWithDebInfo */ = {
			isa = XCBuildConfiguration;
			buildSettings = {
				COMBINE_HIDPI_IMAGES = YES;
				EXECUTABLE_PREFIX = "";
				EXECUTABLE_SUFFIX = "";
				GCC_GENERATE_DEBUGGING_SYMBOLS = YES;
				GCC_INLINES_ARE_PRIVATE_EXTERN = NO;
				GCC_OPTIMIZATION_LEVEL = 2;
				GCC_PREPROCESSOR_DEFINITIONS = "'CMAKE_INTDIR=\"$(CONFIGURATION)$(EFFECTIVE_PLATFORM_NAME)\"'";
				GCC_SYMBOLS_PRIVATE_EXTERN = NO;
				HEADER_SEARCH_PATHS = (
					/usr/local/include,
					/usr/local/opt/openssl/include,
				);
				INSTALL_PATH = "";
				LD_RUNPATH_SEARCH_PATHS = "/usr/local/lib /usr/local/opt/openssl/lib /usr/local/Cellar/libuv/1.11.0/lib";
				LIBRARY_SEARCH_PATHS = (
					"/usr/local/lib/$(CONFIGURATION)$(EFFECTIVE_PLATFORM_NAME)",
					/usr/local/lib,
					"/usr/local/opt/openssl/lib/$(CONFIGURATION)$(EFFECTIVE_PLATFORM_NAME)",
					/usr/local/opt/openssl/lib,
					"/usr/local/Cellar/libuv/1.11.0/lib/$(CONFIGURATION)$(EFFECTIVE_PLATFORM_NAME)",
					/usr/local/Cellar/libuv/1.11.0/lib,
				);
				OTHER_CPLUSPLUSFLAGS = (
					"-DNDEBUG",
					"-I/usr/local/include",
					"-I/usr/local/opt/openssl/include",
					"-std=c++11",
				);
				OTHER_LDFLAGS = (
					"-Wl,-search_paths_first",
					"-Wl,-headerpad_max_install_names",
					"-lz",
					"-lssl",
					"-luv",
					"-luWS",
				);
				OTHER_REZFLAGS = "";
				PRODUCT_NAME = UnscentedKF;
				SECTORDER_FLAGS = "";
				SYMROOT = "/Users/mkoehnke/Developer/Udacity/Projects/CarND-Unscented-Kalman-Filter-Project/ide_profiles/Xcode";
				USE_HEADERMAP = NO;
				WARNING_CFLAGS = (
					"-Wmost",
					"-Wno-four-char-constants",
					"-Wno-unknown-pragmas",
					"$(inherited)",
				);
			};
			name = RelWithDebInfo;
		};
		36244C359C5B402D93B5B8B8 /* MinSizeRel */ = {
			isa = XCBuildConfiguration;
			buildSettings = {
				COMBINE_HIDPI_IMAGES = YES;
				GCC_GENERATE_DEBUGGING_SYMBOLS = YES;
				GCC_INLINES_ARE_PRIVATE_EXTERN = NO;
				GCC_OPTIMIZATION_LEVEL = 0;
				GCC_PREPROCESSOR_DEFINITIONS = "'CMAKE_INTDIR=\"$(CONFIGURATION)$(EFFECTIVE_PLATFORM_NAME)\"'";
				GCC_SYMBOLS_PRIVATE_EXTERN = NO;
				HEADER_SEARCH_PATHS = (
					/usr/local/include,
					/usr/local/opt/openssl/include,
				);
				INSTALL_PATH = "";
				OTHER_LDFLAGS = " ";
				OTHER_REZFLAGS = "";
				PRODUCT_NAME = ZERO_CHECK;
				SECTORDER_FLAGS = "";
				SYMROOT = "/Users/mkoehnke/Developer/Udacity/Projects/CarND-Unscented-Kalman-Filter-Project/ide_profiles/Xcode";
				USE_HEADERMAP = NO;
				WARNING_CFLAGS = (
					"-Wmost",
					"-Wno-four-char-constants",
					"-Wno-unknown-pragmas",
					"$(inherited)",
				);
			};
			name = MinSizeRel;
		};
		4B70AB8220574E48B43CCC2D /* RelWithDebInfo */ = {
			isa = XCBuildConfiguration;
			buildSettings = {
				MACOSX_DEPLOYMENT_TARGET = 10.12;
				ONLY_ACTIVE_ARCH = YES;
				SDKROOT = "/Applications/Xcode-beta.app/Contents/Developer/Platforms/MacOSX.platform/Developer/SDKs/MacOSX10.13.sdk";
				SYMROOT = "/Users/mkoehnke/Developer/Udacity/Projects/CarND-Unscented-Kalman-Filter-Project/ide_profiles/Xcode/build";
			};
			name = RelWithDebInfo;
		};
		4ED69464664D443C8621DC5F /* Debug */ = {
			isa = XCBuildConfiguration;
			buildSettings = {
				MACOSX_DEPLOYMENT_TARGET = 10.12;
				ONLY_ACTIVE_ARCH = YES;
				SDKROOT = "/Applications/Xcode-beta.app/Contents/Developer/Platforms/MacOSX.platform/Developer/SDKs/MacOSX10.13.sdk";
				SYMROOT = "/Users/mkoehnke/Developer/Udacity/Projects/CarND-Unscented-Kalman-Filter-Project/ide_profiles/Xcode/build";
			};
			name = Debug;
		};
		6F3C6FD7A0924ABC9E5368A9 /* Debug */ = {
			isa = XCBuildConfiguration;
			buildSettings = {
				COMBINE_HIDPI_IMAGES = YES;
				GCC_GENERATE_DEBUGGING_SYMBOLS = YES;
				GCC_INLINES_ARE_PRIVATE_EXTERN = NO;
				GCC_OPTIMIZATION_LEVEL = 0;
				GCC_PREPROCESSOR_DEFINITIONS = "'CMAKE_INTDIR=\"$(CONFIGURATION)$(EFFECTIVE_PLATFORM_NAME)\"'";
				GCC_SYMBOLS_PRIVATE_EXTERN = NO;
				HEADER_SEARCH_PATHS = (
					/usr/local/include,
					/usr/local/opt/openssl/include,
				);
				INSTALL_PATH = "";
				OTHER_LDFLAGS = " ";
				OTHER_REZFLAGS = "";
				PRODUCT_NAME = ALL_BUILD;
				SECTORDER_FLAGS = "";
				SYMROOT = "/Users/mkoehnke/Developer/Udacity/Projects/CarND-Unscented-Kalman-Filter-Project/ide_profiles/Xcode";
				USE_HEADERMAP = NO;
				WARNING_CFLAGS = (
					"-Wmost",
					"-Wno-four-char-constants",
					"-Wno-unknown-pragmas",
					"$(inherited)",
				);
			};
			name = Debug;
		};
		7954A708694849E4815963A4 /* Release */ = {
			isa = XCBuildConfiguration;
			buildSettings = {
				MACOSX_DEPLOYMENT_TARGET = 10.12;
				ONLY_ACTIVE_ARCH = YES;
				SDKROOT = "/Applications/Xcode-beta.app/Contents/Developer/Platforms/MacOSX.platform/Developer/SDKs/MacOSX10.13.sdk";
				SYMROOT = "/Users/mkoehnke/Developer/Udacity/Projects/CarND-Unscented-Kalman-Filter-Project/ide_profiles/Xcode/build";
			};
			name = Release;
		};
		8E43D844032B4131B665F088 /* Release */ = {
			isa = XCBuildConfiguration;
			buildSettings = {
				COMBINE_HIDPI_IMAGES = YES;
				GCC_GENERATE_DEBUGGING_SYMBOLS = YES;
				GCC_INLINES_ARE_PRIVATE_EXTERN = NO;
				GCC_OPTIMIZATION_LEVEL = 0;
				GCC_PREPROCESSOR_DEFINITIONS = "'CMAKE_INTDIR=\"$(CONFIGURATION)$(EFFECTIVE_PLATFORM_NAME)\"'";
				GCC_SYMBOLS_PRIVATE_EXTERN = NO;
				HEADER_SEARCH_PATHS = (
					/usr/local/include,
					/usr/local/opt/openssl/include,
				);
				INSTALL_PATH = "";
				OTHER_LDFLAGS = " ";
				OTHER_REZFLAGS = "";
				PRODUCT_NAME = ALL_BUILD;
				SECTORDER_FLAGS = "";
				SYMROOT = "/Users/mkoehnke/Developer/Udacity/Projects/CarND-Unscented-Kalman-Filter-Project/ide_profiles/Xcode";
				USE_HEADERMAP = NO;
				WARNING_CFLAGS = (
					"-Wmost",
					"-Wno-four-char-constants",
					"-Wno-unknown-pragmas",
					"$(inherited)",
				);
			};
			name = Release;
		};
		8E9B676580A64CD9AFD8E6FB /* Release */ = {
			isa = XCBuildConfiguration;
			buildSettings = {
				COMBINE_HIDPI_IMAGES = YES;
				EXECUTABLE_PREFIX = "";
				EXECUTABLE_SUFFIX = "";
				GCC_GENERATE_DEBUGGING_SYMBOLS = NO;
				GCC_INLINES_ARE_PRIVATE_EXTERN = NO;
				GCC_OPTIMIZATION_LEVEL = 3;
				GCC_PREPROCESSOR_DEFINITIONS = "'CMAKE_INTDIR=\"$(CONFIGURATION)$(EFFECTIVE_PLATFORM_NAME)\"'";
				GCC_SYMBOLS_PRIVATE_EXTERN = NO;
				HEADER_SEARCH_PATHS = (
					/usr/local/include,
					/usr/local/opt/openssl/include,
				);
				INSTALL_PATH = "";
				LD_RUNPATH_SEARCH_PATHS = "/usr/local/lib /usr/local/opt/openssl/lib /usr/local/Cellar/libuv/1.11.0/lib";
				LIBRARY_SEARCH_PATHS = (
					"/usr/local/lib/$(CONFIGURATION)$(EFFECTIVE_PLATFORM_NAME)",
					/usr/local/lib,
					"/usr/local/opt/openssl/lib/$(CONFIGURATION)$(EFFECTIVE_PLATFORM_NAME)",
					/usr/local/opt/openssl/lib,
					"/usr/local/Cellar/libuv/1.11.0/lib/$(CONFIGURATION)$(EFFECTIVE_PLATFORM_NAME)",
					/usr/local/Cellar/libuv/1.11.0/lib,
				);
				OTHER_CPLUSPLUSFLAGS = (
					"-DNDEBUG",
					"-I/usr/local/include",
					"-I/usr/local/opt/openssl/include",
					"-std=c++11",
				);
				OTHER_LDFLAGS = (
					"-Wl,-search_paths_first",
					"-Wl,-headerpad_max_install_names",
					"-lz",
					"-lssl",
					"-luv",
					"-luWS",
				);
				OTHER_REZFLAGS = "";
				PRODUCT_NAME = UnscentedKF;
				SECTORDER_FLAGS = "";
				SYMROOT = "/Users/mkoehnke/Developer/Udacity/Projects/CarND-Unscented-Kalman-Filter-Project/ide_profiles/Xcode";
				USE_HEADERMAP = NO;
				WARNING_CFLAGS = (
					"-Wmost",
					"-Wno-four-char-constants",
					"-Wno-unknown-pragmas",
					"$(inherited)",
				);
			};
			name = Release;
		};
		AB5CA7A731444ACCBB2D05E6 /* MinSizeRel */ = {
			isa = XCBuildConfiguration;
			buildSettings = {
				COMBINE_HIDPI_IMAGES = YES;
				GCC_GENERATE_DEBUGGING_SYMBOLS = YES;
				GCC_INLINES_ARE_PRIVATE_EXTERN = NO;
				GCC_OPTIMIZATION_LEVEL = 0;
				GCC_PREPROCESSOR_DEFINITIONS = "'CMAKE_INTDIR=\"$(CONFIGURATION)$(EFFECTIVE_PLATFORM_NAME)\"'";
				GCC_SYMBOLS_PRIVATE_EXTERN = NO;
				HEADER_SEARCH_PATHS = (
					/usr/local/include,
					/usr/local/opt/openssl/include,
				);
				INSTALL_PATH = "";
				OTHER_LDFLAGS = " ";
				OTHER_REZFLAGS = "";
				PRODUCT_NAME = ALL_BUILD;
				SECTORDER_FLAGS = "";
				SYMROOT = "/Users/mkoehnke/Developer/Udacity/Projects/CarND-Unscented-Kalman-Filter-Project/ide_profiles/Xcode";
				USE_HEADERMAP = NO;
				WARNING_CFLAGS = (
					"-Wmost",
					"-Wno-four-char-constants",
					"-Wno-unknown-pragmas",
					"$(inherited)",
				);
			};
			name = MinSizeRel;
		};
		B3C33A9CEC074586B12C516D /* RelWithDebInfo */ = {
			isa = XCBuildConfiguration;
			buildSettings = {
				COMBINE_HIDPI_IMAGES = YES;
				GCC_GENERATE_DEBUGGING_SYMBOLS = YES;
				GCC_INLINES_ARE_PRIVATE_EXTERN = NO;
				GCC_OPTIMIZATION_LEVEL = 0;
				GCC_PREPROCESSOR_DEFINITIONS = "'CMAKE_INTDIR=\"$(CONFIGURATION)$(EFFECTIVE_PLATFORM_NAME)\"'";
				GCC_SYMBOLS_PRIVATE_EXTERN = NO;
				HEADER_SEARCH_PATHS = (
					/usr/local/include,
					/usr/local/opt/openssl/include,
				);
				INSTALL_PATH = "";
				OTHER_LDFLAGS = " ";
				OTHER_REZFLAGS = "";
				PRODUCT_NAME = ZERO_CHECK;
				SECTORDER_FLAGS = "";
				SYMROOT = "/Users/mkoehnke/Developer/Udacity/Projects/CarND-Unscented-Kalman-Filter-Project/ide_profiles/Xcode";
				USE_HEADERMAP = NO;
				WARNING_CFLAGS = (
					"-Wmost",
					"-Wno-four-char-constants",
					"-Wno-unknown-pragmas",
					"$(inherited)",
				);
			};
			name = RelWithDebInfo;
		};
		B5A206731CB74E94A84E668B /* MinSizeRel */ = {
			isa = XCBuildConfiguration;
			buildSettings = {
				COMBINE_HIDPI_IMAGES = YES;
				EXECUTABLE_PREFIX = "";
				EXECUTABLE_SUFFIX = "";
				GCC_GENERATE_DEBUGGING_SYMBOLS = NO;
				GCC_INLINES_ARE_PRIVATE_EXTERN = NO;
				GCC_OPTIMIZATION_LEVEL = s;
				GCC_PREPROCESSOR_DEFINITIONS = "'CMAKE_INTDIR=\"$(CONFIGURATION)$(EFFECTIVE_PLATFORM_NAME)\"'";
				GCC_SYMBOLS_PRIVATE_EXTERN = NO;
				HEADER_SEARCH_PATHS = (
					/usr/local/include,
					/usr/local/opt/openssl/include,
				);
				INSTALL_PATH = "";
				LD_RUNPATH_SEARCH_PATHS = "/usr/local/lib /usr/local/opt/openssl/lib /usr/local/Cellar/libuv/1.11.0/lib";
				LIBRARY_SEARCH_PATHS = (
					"/usr/local/lib/$(CONFIGURATION)$(EFFECTIVE_PLATFORM_NAME)",
					/usr/local/lib,
					"/usr/local/opt/openssl/lib/$(CONFIGURATION)$(EFFECTIVE_PLATFORM_NAME)",
					/usr/local/opt/openssl/lib,
					"/usr/local/Cellar/libuv/1.11.0/lib/$(CONFIGURATION)$(EFFECTIVE_PLATFORM_NAME)",
					/usr/local/Cellar/libuv/1.11.0/lib,
				);
				OTHER_CPLUSPLUSFLAGS = (
					"-DNDEBUG",
					"-I/usr/local/include",
					"-I/usr/local/opt/openssl/include",
					"-std=c++11",
				);
				OTHER_LDFLAGS = (
					"-Wl,-search_paths_first",
					"-Wl,-headerpad_max_install_names",
					"-lz",
					"-lssl",
					"-luv",
					"-luWS",
				);
				OTHER_REZFLAGS = "";
				PRODUCT_NAME = UnscentedKF;
				SECTORDER_FLAGS = "";
				SYMROOT = "/Users/mkoehnke/Developer/Udacity/Projects/CarND-Unscented-Kalman-Filter-Project/ide_profiles/Xcode";
				USE_HEADERMAP = NO;
				WARNING_CFLAGS = (
					"-Wmost",
					"-Wno-four-char-constants",
					"-Wno-unknown-pragmas",
					"$(inherited)",
				);
			};
			name = MinSizeRel;
		};
		E9F39D052EE04EAF915BF4F4 /* Debug */ = {
			isa = XCBuildConfiguration;
			buildSettings = {
				COMBINE_HIDPI_IMAGES = YES;
				GCC_GENERATE_DEBUGGING_SYMBOLS = YES;
				GCC_INLINES_ARE_PRIVATE_EXTERN = NO;
				GCC_OPTIMIZATION_LEVEL = 0;
				GCC_PREPROCESSOR_DEFINITIONS = "'CMAKE_INTDIR=\"$(CONFIGURATION)$(EFFECTIVE_PLATFORM_NAME)\"'";
				GCC_SYMBOLS_PRIVATE_EXTERN = NO;
				HEADER_SEARCH_PATHS = (
					/usr/local/include,
					/usr/local/opt/openssl/include,
				);
				INSTALL_PATH = "";
				OTHER_LDFLAGS = " ";
				OTHER_REZFLAGS = "";
				PRODUCT_NAME = ZERO_CHECK;
				SECTORDER_FLAGS = "";
				SYMROOT = "/Users/mkoehnke/Developer/Udacity/Projects/CarND-Unscented-Kalman-Filter-Project/ide_profiles/Xcode";
				USE_HEADERMAP = NO;
				WARNING_CFLAGS = (
					"-Wmost",
					"-Wno-four-char-constants",
					"-Wno-unknown-pragmas",
					"$(inherited)",
				);
			};
			name = Debug;
		};
		EECA8A0CABB442F790B39787 /* MinSizeRel */ = {
			isa = XCBuildConfiguration;
			buildSettings = {
				MACOSX_DEPLOYMENT_TARGET = 10.12;
				ONLY_ACTIVE_ARCH = YES;
				SDKROOT = "/Applications/Xcode-beta.app/Contents/Developer/Platforms/MacOSX.platform/Developer/SDKs/MacOSX10.13.sdk";
				SYMROOT = "/Users/mkoehnke/Developer/Udacity/Projects/CarND-Unscented-Kalman-Filter-Project/ide_profiles/Xcode/build";
			};
			name = MinSizeRel;
		};
/* End XCBuildConfiguration section */

/* Begin XCConfigurationList section */
		65B8EB398E624F90919CFA4A /* Build configuration list for PBXProject "UnscentedKF" */ = {
			isa = XCConfigurationList;
			buildConfigurations = (
				4ED69464664D443C8621DC5F /* Debug */,
				7954A708694849E4815963A4 /* Release */,
				EECA8A0CABB442F790B39787 /* MinSizeRel */,
				4B70AB8220574E48B43CCC2D /* RelWithDebInfo */,
			);
			defaultConfigurationIsVisible = 0;
			defaultConfigurationName = Debug;
		};
		907558DB1A3F4254A3EBD14B /* Build configuration list for PBXAggregateTarget "ALL_BUILD" */ = {
			isa = XCConfigurationList;
			buildConfigurations = (
				6F3C6FD7A0924ABC9E5368A9 /* Debug */,
				8E43D844032B4131B665F088 /* Release */,
				AB5CA7A731444ACCBB2D05E6 /* MinSizeRel */,
				048C9FDDCB6240C584CD7EE8 /* RelWithDebInfo */,
			);
			defaultConfigurationIsVisible = 0;
			defaultConfigurationName = Debug;
		};
		E7410F71A1414319AC6B2787 /* Build configuration list for PBXAggregateTarget "ZERO_CHECK" */ = {
			isa = XCConfigurationList;
			buildConfigurations = (
				E9F39D052EE04EAF915BF4F4 /* Debug */,
				1F201621A2B94569BD4EE368 /* Release */,
				36244C359C5B402D93B5B8B8 /* MinSizeRel */,
				B3C33A9CEC074586B12C516D /* RelWithDebInfo */,
			);
			defaultConfigurationIsVisible = 0;
			defaultConfigurationName = Debug;
		};
		F1370F6726F7457AA214EA32 /* Build configuration list for PBXNativeTarget "UnscentedKF" */ = {
			isa = XCConfigurationList;
			buildConfigurations = (
				1F63635EA55D4A0FAF7F2F0E /* Debug */,
				8E9B676580A64CD9AFD8E6FB /* Release */,
				B5A206731CB74E94A84E668B /* MinSizeRel */,
				22D637755AC24DD7A5B4CC80 /* RelWithDebInfo */,
			);
			defaultConfigurationIsVisible = 0;
			defaultConfigurationName = Debug;
		};
/* End XCConfigurationList section */
	};
	rootObject = 8B2CC72AB7164B4EAB9E7417 /* Project object */;
}
